
Microsoft Visual Studio Solution File, Format Version 12.00
# Visual Studio 2013
VisualStudioVersion = 12.0.21005.1
MinimumVisualStudioVersion = 10.0.40219.1
Project("{FAE04EC0-301F-11D3-BF4B-00C04F79EFBC}") = "HRIS", "AristaHRM\HRIS.csproj", "{55AE0A1C-A4C2-4D9A-B534-2BA879B8B6B9}"
EndProject
Project("{FAE04EC0-301F-11D3-BF4B-00C04F79EFBC}") = "AristaHRMTest", "AristaHRMTest\AristaHRMTest.csproj", "{A7AE7CCD-54F6-4ABF-A01B-87471F7308CD}"
EndProject
Global
	GlobalSection(SolutionConfigurationPlatforms) = preSolution
		Debug|Any CPU = Debug|Any CPU
		Release|Any CPU = Release|Any CPU
	EndGlobalSection
	GlobalSection(ProjectConfigurationPlatforms) = postSolution
		{55AE0A1C-A4C2-4D9A-B534-2BA879B8B6B9}.Debug|Any CPU.ActiveCfg = Debug|Any CPU
		{55AE0A1C-A4C2-4D9A-B534-2BA879B8B6B9}.Debug|Any CPU.Build.0 = Debug|Any CPU
		{55AE0A1C-A4C2-4D9A-B534-2BA879B8B6B9}.Release|Any CPU.ActiveCfg = Release|Any CPU
		{55AE0A1C-A4C2-4D9A-B534-2BA879B8B6B9}.Release|Any CPU.Build.0 = Release|Any CPU
		{A7AE7CCD-54F6-4ABF-A01B-87471F7308CD}.Debug|Any CPU.ActiveCfg = Debug|Any CPU
		{A7AE7CCD-54F6-4ABF-A01B-87471F7308CD}.Debug|Any CPU.Build.0 = Debug|Any CPU
		{A7AE7CCD-54F6-4ABF-A01B-87471F7308CD}.Release|Any CPU.ActiveCfg = Release|Any CPU
		{A7AE7CCD-54F6-4ABF-A01B-87471F7308CD}.Release|Any CPU.Build.0 = Release|Any CPU
	EndGlobalSection
	GlobalSection(SolutionProperties) = preSolution
		HideSolutionNode = FALSE
	EndGlobalSection
EndGlobal
